
Microsoft Visual Studio Solution File, Format Version 12.00
# Visual Studio Version 16
VisualStudioVersion = 16.0.30717.126
MinimumVisualStudioVersion = 10.0.40219.1
Project("{888888A0-9F3D-457C-B088-3A5042F75D52}") = "FlaskWebProject", "FlaskWebProject\FlaskWebProject.pyproj", "{BDE84703-63D2-4542-BA8D-3125D5B7522E}"
EndProject
Global
	GlobalSection(SolutionConfigurationPlatforms) = preSolution
		Debug|Any CPU = Debug|Any CPU
		Release|Any CPU = Release|Any CPU
	EndGlobalSection
	GlobalSection(ProjectConfigurationPlatforms) = postSolution
		{BDE84703-63D2-4542-BA8D-3125D5B7522E}.Debug|Any CPU.ActiveCfg = Debug|Any CPU
		{BDE84703-63D2-4542-BA8D-3125D5B7522E}.Debug|Any CPU.Build.0 = Debug|Any CPU
		{BDE84703-63D2-4542-BA8D-3125D5B7522E}.Release|Any CPU.ActiveCfg = Release|Any CPU
		{BDE84703-63D2-4542-BA8D-3125D5B7522E}.Release|Any CPU.Build.0 = Release|Any CPU
	EndGlobalSection
	GlobalSection(SolutionProperties) = preSolution
		HideSolutionNode = FALSE
	EndGlobalSection
	GlobalSection(ExtensibilityGlobals) = postSolution
		SolutionGuid = {842426E9-2C0F-4414-A57F-788F830A613E}
	EndGlobalSection
EndGlobal
